
Microsoft Visual Studio Solution File, Format Version 11.00
# Visual Studio 2010
Project("{FAE04EC0-301F-11D3-BF4B-00C04F79EFBC}") = "ControlActivitySample", "ControlActivitySample\ControlActivitySample.csproj", "{89A84166-8AA2-43D1-A4D7-6DF25C03EE75}"
EndProject
Global
	GlobalSection(SolutionConfigurationPlatforms) = preSolution
		Debug|Any CPU = Debug|Any CPU
		Release|Any CPU = Release|Any CPU
	EndGlobalSection
	GlobalSection(ProjectConfigurationPlatforms) = postSolution
		{89A84166-8AA2-43D1-A4D7-6DF25C03EE75}.Debug|Any CPU.ActiveCfg = Debug|Any CPU
		{89A84166-8AA2-43D1-A4D7-6DF25C03EE75}.Debug|Any CPU.Build.0 = Debug|Any CPU
		{89A84166-8AA2-43D1-A4D7-6DF25C03EE75}.Release|Any CPU.ActiveCfg = Release|Any CPU
		{89A84166-8AA2-43D1-A4D7-6DF25C03EE75}.Release|Any CPU.Build.0 = Release|Any CPU
	EndGlobalSection
	GlobalSection(SolutionProperties) = preSolution
		HideSolutionNode = FALSE
	EndGlobalSection
EndGlobal
